// !$*UTF8*$!
{
	archiveVersion = 1;
	classes = {
	};
	objectVersion = 51;
	objects = {

/* Begin PBXBuildFile section */
		8D0BF872247769AE009B7C39 /* MenuCell.swift in Sources */ = {isa = PBXBuildFile; fileRef = 8D0BF870247769AE009B7C39 /* MenuCell.swift */; };
		8D0BF873247769AE009B7C39 /* MenuCell.xib in Resources */ = {isa = PBXBuildFile; fileRef = 8D0BF871247769AE009B7C39 /* MenuCell.xib */; };
		8D3944B6247CF270007F6B68 /* .gitignore in Resources */ = {isa = PBXBuildFile; fileRef = 8D3944B5247CF26F007F6B68 /* .gitignore */; };
		8D3A7B6624616E51009E0734 /* UserCell.swift in Sources */ = {isa = PBXBuildFile; fileRef = 8D3A7B6424616E51009E0734 /* UserCell.swift */; };
		8D3A7B6724616E51009E0734 /* UserCell.xib in Resources */ = {isa = PBXBuildFile; fileRef = 8D3A7B6524616E51009E0734 /* UserCell.xib */; };
		8D8C3742244036240042B253 /* GoogleService-Info.plist in Resources */ = {isa = PBXBuildFile; fileRef = 8D8C3741244036240042B253 /* GoogleService-Info.plist */; };
		8D8CB148244017B600E6CCB0 /* AppDelegate.swift in Sources */ = {isa = PBXBuildFile; fileRef = 8D8CB147244017B600E6CCB0 /* AppDelegate.swift */; };
		8D8CB14A244017B600E6CCB0 /* SceneDelegate.swift in Sources */ = {isa = PBXBuildFile; fileRef = 8D8CB149244017B600E6CCB0 /* SceneDelegate.swift */; };
		8D8CB14C244017B600E6CCB0 /* HomeViewController.swift in Sources */ = {isa = PBXBuildFile; fileRef = 8D8CB14B244017B600E6CCB0 /* HomeViewController.swift */; };
		8D8CB14E244017B600E6CCB0 /* MessageViewController.swift in Sources */ = {isa = PBXBuildFile; fileRef = 8D8CB14D244017B600E6CCB0 /* MessageViewController.swift */; };
		8D8CB151244017B600E6CCB0 /* Main.storyboard in Resources */ = {isa = PBXBuildFile; fileRef = 8D8CB14F244017B600E6CCB0 /* Main.storyboard */; };
		8D8CB153244017B700E6CCB0 /* Assets.xcassets in Resources */ = {isa = PBXBuildFile; fileRef = 8D8CB152244017B700E6CCB0 /* Assets.xcassets */; };
		8D8CB156244017B700E6CCB0 /* LaunchScreen.storyboard in Resources */ = {isa = PBXBuildFile; fileRef = 8D8CB154244017B700E6CCB0 /* LaunchScreen.storyboard */; };
		8DA6E474247BB84800F4EB57 /* MapPickViewController.swift in Sources */ = {isa = PBXBuildFile; fileRef = 8DA6E473247BB84800F4EB57 /* MapPickViewController.swift */; };
		8DA6E476247BD3D100F4EB57 /* API.swift in Sources */ = {isa = PBXBuildFile; fileRef = 8DA6E475247BD3D100F4EB57 /* API.swift */; };
		8DAD7057244C25DD008961F9 /* SignUpViewController.swift in Sources */ = {isa = PBXBuildFile; fileRef = 8DAD7056244C25DD008961F9 /* SignUpViewController.swift */; };
		8DAD7059244C25EA008961F9 /* LoginViewController.swift in Sources */ = {isa = PBXBuildFile; fileRef = 8DAD7058244C25EA008961F9 /* LoginViewController.swift */; };
		8DC36CD8245155E9002A6686 /* AccountViewController.swift in Sources */ = {isa = PBXBuildFile; fileRef = 8DC36CD7245155E9002A6686 /* AccountViewController.swift */; };
		983214107792D0A2C656DAC6 /* Pods_VNUShare.framework in Frameworks */ = {isa = PBXBuildFile; fileRef = 12A7C3144FBCFD08382DA83F /* Pods_VNUShare.framework */; };
/* End PBXBuildFile section */

/* Begin PBXFileReference section */
		12A7C3144FBCFD08382DA83F /* Pods_VNUShare.framework */ = {isa = PBXFileReference; explicitFileType = wrapper.framework; includeInIndex = 0; path = Pods_VNUShare.framework; sourceTree = BUILT_PRODUCTS_DIR; };
		6D78F788E03C33138BD89DB3 /* Pods-VNUShare.debug.xcconfig */ = {isa = PBXFileReference; includeInIndex = 1; lastKnownFileType = text.xcconfig; name = "Pods-VNUShare.debug.xcconfig"; path = "Target Support Files/Pods-VNUShare/Pods-VNUShare.debug.xcconfig"; sourceTree = "<group>"; };
		8D0BF870247769AE009B7C39 /* MenuCell.swift */ = {isa = PBXFileReference; lastKnownFileType = sourcecode.swift; path = MenuCell.swift; sourceTree = "<group>"; };
		8D0BF871247769AE009B7C39 /* MenuCell.xib */ = {isa = PBXFileReference; lastKnownFileType = file.xib; path = MenuCell.xib; sourceTree = "<group>"; };
		8D3944B5247CF26F007F6B68 /* .gitignore */ = {isa = PBXFileReference; fileEncoding = 4; lastKnownFileType = text; path = .gitignore; sourceTree = SOURCE_ROOT; };
		8D3A7B6424616E51009E0734 /* UserCell.swift */ = {isa = PBXFileReference; lastKnownFileType = sourcecode.swift; path = UserCell.swift; sourceTree = "<group>"; };
		8D3A7B6524616E51009E0734 /* UserCell.xib */ = {isa = PBXFileReference; lastKnownFileType = file.xib; path = UserCell.xib; sourceTree = "<group>"; };
		8D8C3741244036240042B253 /* GoogleService-Info.plist */ = {isa = PBXFileReference; fileEncoding = 4; lastKnownFileType = text.plist.xml; path = "GoogleService-Info.plist"; sourceTree = "<group>"; };
		8D8CB144244017B600E6CCB0 /* VNU Share.app */ = {isa = PBXFileReference; explicitFileType = wrapper.application; includeInIndex = 0; path = "VNU Share.app"; sourceTree = BUILT_PRODUCTS_DIR; };
		8D8CB147244017B600E6CCB0 /* AppDelegate.swift */ = {isa = PBXFileReference; lastKnownFileType = sourcecode.swift; path = AppDelegate.swift; sourceTree = "<group>"; };
		8D8CB149244017B600E6CCB0 /* SceneDelegate.swift */ = {isa = PBXFileReference; lastKnownFileType = sourcecode.swift; path = SceneDelegate.swift; sourceTree = "<group>"; };
		8D8CB14B244017B600E6CCB0 /* HomeViewController.swift */ = {isa = PBXFileReference; lastKnownFileType = sourcecode.swift; path = HomeViewController.swift; sourceTree = "<group>"; };
		8D8CB14D244017B600E6CCB0 /* MessageViewController.swift */ = {isa = PBXFileReference; lastKnownFileType = sourcecode.swift; path = MessageViewController.swift; sourceTree = "<group>"; };
		8D8CB150244017B600E6CCB0 /* Base */ = {isa = PBXFileReference; lastKnownFileType = file.storyboard; name = Base; path = Base.lproj/Main.storyboard; sourceTree = "<group>"; };
		8D8CB152244017B700E6CCB0 /* Assets.xcassets */ = {isa = PBXFileReference; lastKnownFileType = folder.assetcatalog; path = Assets.xcassets; sourceTree = "<group>"; };
		8D8CB155244017B700E6CCB0 /* Base */ = {isa = PBXFileReference; lastKnownFileType = file.storyboard; name = Base; path = Base.lproj/LaunchScreen.storyboard; sourceTree = "<group>"; };
		8D8CB157244017B700E6CCB0 /* Info.plist */ = {isa = PBXFileReference; lastKnownFileType = text.plist.xml; path = Info.plist; sourceTree = "<group>"; };
		8DA6E473247BB84800F4EB57 /* MapPickViewController.swift */ = {isa = PBXFileReference; lastKnownFileType = sourcecode.swift; path = MapPickViewController.swift; sourceTree = "<group>"; };
		8DA6E475247BD3D100F4EB57 /* API.swift */ = {isa = PBXFileReference; lastKnownFileType = sourcecode.swift; path = API.swift; sourceTree = "<group>"; };
		8DAD7056244C25DD008961F9 /* SignUpViewController.swift */ = {isa = PBXFileReference; lastKnownFileType = sourcecode.swift; path = SignUpViewController.swift; sourceTree = "<group>"; };
		8DAD7058244C25EA008961F9 /* LoginViewController.swift */ = {isa = PBXFileReference; lastKnownFileType = sourcecode.swift; path = LoginViewController.swift; sourceTree = "<group>"; };
		8DC36CD7245155E9002A6686 /* AccountViewController.swift */ = {isa = PBXFileReference; lastKnownFileType = sourcecode.swift; path = AccountViewController.swift; sourceTree = "<group>"; };
		CA30305F97C03F6892082AF1 /* Pods-VNUShare.release.xcconfig */ = {isa = PBXFileReference; includeInIndex = 1; lastKnownFileType = text.xcconfig; name = "Pods-VNUShare.release.xcconfig"; path = "Target Support Files/Pods-VNUShare/Pods-VNUShare.release.xcconfig"; sourceTree = "<group>"; };
/* End PBXFileReference section */

/* Begin PBXFrameworksBuildPhase section */
		8D8CB141244017B600E6CCB0 /* Frameworks */ = {
			isa = PBXFrameworksBuildPhase;
			buildActionMask = 2147483647;
			files = (
				983214107792D0A2C656DAC6 /* Pods_VNUShare.framework in Frameworks */,
			);
			runOnlyForDeploymentPostprocessing = 0;
		};
/* End PBXFrameworksBuildPhase section */

/* Begin PBXGroup section */
		877D50BE9C302F466F91004C /* Pods */ = {
			isa = PBXGroup;
			children = (
				6D78F788E03C33138BD89DB3 /* Pods-VNUShare.debug.xcconfig */,
				CA30305F97C03F6892082AF1 /* Pods-VNUShare.release.xcconfig */,
			);
			path = Pods;
			sourceTree = "<group>";
		};
		8D3A7B6324616E2A009E0734 /* Cell */ = {
			isa = PBXGroup;
			children = (
				8D3A7B6424616E51009E0734 /* UserCell.swift */,
				8D3A7B6524616E51009E0734 /* UserCell.xib */,
				8D0BF870247769AE009B7C39 /* MenuCell.swift */,
				8D0BF871247769AE009B7C39 /* MenuCell.xib */,
			);
			path = Cell;
			sourceTree = "<group>";
		};
		8D8CB13B244017B600E6CCB0 = {
			isa = PBXGroup;
			children = (
				8D8CB146244017B600E6CCB0 /* VNUShare */,
				8D8CB145244017B600E6CCB0 /* Products */,
				877D50BE9C302F466F91004C /* Pods */,
				F7EE1B4F23B2AA6B0D904B31 /* Frameworks */,
			);
			sourceTree = "<group>";
		};
		8D8CB145244017B600E6CCB0 /* Products */ = {
			isa = PBXGroup;
			children = (
				8D8CB144244017B600E6CCB0 /* VNU Share.app */,
			);
			name = Products;
			sourceTree = "<group>";
		};
		8D8CB146244017B600E6CCB0 /* VNUShare */ = {
			isa = PBXGroup;
			children = (
				8D8CB147244017B600E6CCB0 /* AppDelegate.swift */,
				8D8CB149244017B600E6CCB0 /* SceneDelegate.swift */,
				8D3944B5247CF26F007F6B68 /* .gitignore */,
				8DA6E475247BD3D100F4EB57 /* API.swift */,
				8D3A7B6324616E2A009E0734 /* Cell */,
				8D8CB15F2440199D00E6CCB0 /* Model */,
				8D8CB15D2440197400E6CCB0 /* Controller */,
				8D8CB15E2440198D00E6CCB0 /* View */,
				8D8CB152244017B700E6CCB0 /* Assets.xcassets */,
				8D8CB154244017B700E6CCB0 /* LaunchScreen.storyboard */,
				8D8CB157244017B700E6CCB0 /* Info.plist */,
				8D8C3741244036240042B253 /* GoogleService-Info.plist */,
			);
			path = VNUShare;
			sourceTree = "<group>";
		};
		8D8CB15D2440197400E6CCB0 /* Controller */ = {
			isa = PBXGroup;
			children = (
				8D8CB14B244017B600E6CCB0 /* HomeViewController.swift */,
				8DA6E473247BB84800F4EB57 /* MapPickViewController.swift */,
				8D8CB14D244017B600E6CCB0 /* MessageViewController.swift */,
				8DC36CD7245155E9002A6686 /* AccountViewController.swift */,
				8DC36CD924516463002A6686 /* Authentication */,
			);
			path = Controller;
			sourceTree = "<group>";
		};
		8D8CB15E2440198D00E6CCB0 /* View */ = {
			isa = PBXGroup;
			children = (
				8D8CB14F244017B600E6CCB0 /* Main.storyboard */,
			);
			path = View;
			sourceTree = "<group>";
		};
		8D8CB15F2440199D00E6CCB0 /* Model */ = {
			isa = PBXGroup;
			children = (
			);
			path = Model;
			sourceTree = "<group>";
		};
		8DC36CD924516463002A6686 /* Authentication */ = {
			isa = PBXGroup;
			children = (
				8DAD7056244C25DD008961F9 /* SignUpViewController.swift */,
				8DAD7058244C25EA008961F9 /* LoginViewController.swift */,
			);
			path = Authentication;
			sourceTree = "<group>";
		};
		F7EE1B4F23B2AA6B0D904B31 /* Frameworks */ = {
			isa = PBXGroup;
			children = (
				12A7C3144FBCFD08382DA83F /* Pods_VNUShare.framework */,
			);
			name = Frameworks;
			sourceTree = "<group>";
		};
/* End PBXGroup section */

/* Begin PBXNativeTarget section */
		8D8CB143244017B600E6CCB0 /* VNUShare */ = {
			isa = PBXNativeTarget;
			buildConfigurationList = 8D8CB15A244017B700E6CCB0 /* Build configuration list for PBXNativeTarget "VNUShare" */;
			buildPhases = (
				155A0B5CA1FE8EF1390F1421 /* [CP] Check Pods Manifest.lock */,
				8D8CB140244017B600E6CCB0 /* Sources */,
				8D8CB141244017B600E6CCB0 /* Frameworks */,
				8D8CB142244017B600E6CCB0 /* Resources */,
				EAF6495CE568803C798A84D3 /* [CP] Embed Pods Frameworks */,
				7619280CEAC2409753581A59 /* [CP] Copy Pods Resources */,
			);
			buildRules = (
			);
			dependencies = (
			);
			name = VNUShare;
			productName = VNUShare;
			productReference = 8D8CB144244017B600E6CCB0 /* VNU Share.app */;
			productType = "com.apple.product-type.application";
		};
/* End PBXNativeTarget section */

/* Begin PBXProject section */
		8D8CB13C244017B600E6CCB0 /* Project object */ = {
			isa = PBXProject;
			attributes = {
				LastSwiftUpdateCheck = 1140;
				LastUpgradeCheck = 1140;
				ORGANIZATIONNAME = MM;
				TargetAttributes = {
					8D8CB143244017B600E6CCB0 = {
						CreatedOnToolsVersion = 11.4;
					};
				};
			};
			buildConfigurationList = 8D8CB13F244017B600E6CCB0 /* Build configuration list for PBXProject "VNUShare" */;
			compatibilityVersion = "Xcode 9.3";
			developmentRegion = en;
			hasScannedForEncodings = 0;
			knownRegions = (
				en,
				Base,
			);
			mainGroup = 8D8CB13B244017B600E6CCB0;
			productRefGroup = 8D8CB145244017B600E6CCB0 /* Products */;
			projectDirPath = "";
			projectRoot = "";
			targets = (
				8D8CB143244017B600E6CCB0 /* VNUShare */,
			);
		};
/* End PBXProject section */

/* Begin PBXResourcesBuildPhase section */
		8D8CB142244017B600E6CCB0 /* Resources */ = {
			isa = PBXResourcesBuildPhase;
			buildActionMask = 2147483647;
			files = (
				8D0BF873247769AE009B7C39 /* MenuCell.xib in Resources */,
				8D3944B6247CF270007F6B68 /* .gitignore in Resources */,
				8D8CB156244017B700E6CCB0 /* LaunchScreen.storyboard in Resources */,
				8D8C3742244036240042B253 /* GoogleService-Info.plist in Resources */,
				8D8CB153244017B700E6CCB0 /* Assets.xcassets in Resources */,
				8D8CB151244017B600E6CCB0 /* Main.storyboard in Resources */,
				8D3A7B6724616E51009E0734 /* UserCell.xib in Resources */,
			);
			runOnlyForDeploymentPostprocessing = 0;
		};
/* End PBXResourcesBuildPhase section */

/* Begin PBXShellScriptBuildPhase section */
		155A0B5CA1FE8EF1390F1421 /* [CP] Check Pods Manifest.lock */ = {
			isa = PBXShellScriptBuildPhase;
			buildActionMask = 2147483647;
			files = (
			);
			inputFileListPaths = (
			);
			inputPaths = (
				"${PODS_PODFILE_DIR_PATH}/Podfile.lock",
				"${PODS_ROOT}/Manifest.lock",
			);
			name = "[CP] Check Pods Manifest.lock";
			outputFileListPaths = (
			);
			outputPaths = (
				"$(DERIVED_FILE_DIR)/Pods-VNUShare-checkManifestLockResult.txt",
			);
			runOnlyForDeploymentPostprocessing = 0;
			shellPath = /bin/sh;
			shellScript = "diff \"${PODS_PODFILE_DIR_PATH}/Podfile.lock\" \"${PODS_ROOT}/Manifest.lock\" > /dev/null\nif [ $? != 0 ] ; then\n    # print error to STDERR\n    echo \"error: The sandbox is not in sync with the Podfile.lock. Run 'pod install' or update your CocoaPods installation.\" >&2\n    exit 1\nfi\n# This output is used by Xcode 'outputs' to avoid re-running this script phase.\necho \"SUCCESS\" > \"${SCRIPT_OUTPUT_FILE_0}\"\n";
			showEnvVarsInLog = 0;
		};
		7619280CEAC2409753581A59 /* [CP] Copy Pods Resources */ = {
			isa = PBXShellScriptBuildPhase;
			buildActionMask = 2147483647;
			files = (
			);
			inputFileListPaths = (
				"${PODS_ROOT}/Target Support Files/Pods-VNUShare/Pods-VNUShare-resources-${CONFIGURATION}-input-files.xcfilelist",
			);
			name = "[CP] Copy Pods Resources";
			outputFileListPaths = (
				"${PODS_ROOT}/Target Support Files/Pods-VNUShare/Pods-VNUShare-resources-${CONFIGURATION}-output-files.xcfilelist",
			);
			runOnlyForDeploymentPostprocessing = 0;
			shellPath = /bin/sh;
			shellScript = "\"${PODS_ROOT}/Target Support Files/Pods-VNUShare/Pods-VNUShare-resources.sh\"\n";
			showEnvVarsInLog = 0;
		};
		EAF6495CE568803C798A84D3 /* [CP] Embed Pods Frameworks */ = {
			isa = PBXShellScriptBuildPhase;
			buildActionMask = 2147483647;
			files = (
			);
			inputFileListPaths = (
				"${PODS_ROOT}/Target Support Files/Pods-VNUShare/Pods-VNUShare-frameworks-${CONFIGURATION}-input-files.xcfilelist",
			);
			name = "[CP] Embed Pods Frameworks";
			outputFileListPaths = (
				"${PODS_ROOT}/Target Support Files/Pods-VNUShare/Pods-VNUShare-frameworks-${CONFIGURATION}-output-files.xcfilelist",
			);
			runOnlyForDeploymentPostprocessing = 0;
			shellPath = /bin/sh;
			shellScript = "\"${PODS_ROOT}/Target Support Files/Pods-VNUShare/Pods-VNUShare-frameworks.sh\"\n";
			showEnvVarsInLog = 0;
		};
/* End PBXShellScriptBuildPhase section */

/* Begin PBXSourcesBuildPhase section */
		8D8CB140244017B600E6CCB0 /* Sources */ = {
			isa = PBXSourcesBuildPhase;
			buildActionMask = 2147483647;
			files = (
				8DA6E476247BD3D100F4EB57 /* API.swift in Sources */,
				8DA6E474247BB84800F4EB57 /* MapPickViewController.swift in Sources */,
				8D3A7B6624616E51009E0734 /* UserCell.swift in Sources */,
				8DAD7059244C25EA008961F9 /* LoginViewController.swift in Sources */,
				8D0BF872247769AE009B7C39 /* MenuCell.swift in Sources */,
				8D8CB14E244017B600E6CCB0 /* MessageViewController.swift in Sources */,
				8DC36CD8245155E9002A6686 /* AccountViewController.swift in Sources */,
				8D8CB14C244017B600E6CCB0 /* HomeViewController.swift in Sources */,
				8D8CB148244017B600E6CCB0 /* AppDelegate.swift in Sources */,
				8D8CB14A244017B600E6CCB0 /* SceneDelegate.swift in Sources */,
				8DAD7057244C25DD008961F9 /* SignUpViewController.swift in Sources */,
			);
			runOnlyForDeploymentPostprocessing = 0;
		};
/* End PBXSourcesBuildPhase section */

/* Begin PBXVariantGroup section */
		8D8CB14F244017B600E6CCB0 /* Main.storyboard */ = {
			isa = PBXVariantGroup;
			children = (
				8D8CB150244017B600E6CCB0 /* Base */,
			);
			name = Main.storyboard;
			sourceTree = "<group>";
		};
		8D8CB154244017B700E6CCB0 /* LaunchScreen.storyboard */ = {
			isa = PBXVariantGroup;
			children = (
				8D8CB155244017B700E6CCB0 /* Base */,
			);
			name = LaunchScreen.storyboard;
			sourceTree = "<group>";
		};
/* End PBXVariantGroup section */

/* Begin XCBuildConfiguration section */
		8D8CB158244017B700E6CCB0 /* Debug */ = {
			isa = XCBuildConfiguration;
			buildSettings = {
				ALWAYS_SEARCH_USER_PATHS = NO;
				CLANG_ANALYZER_NONNULL = YES;
				CLANG_ANALYZER_NUMBER_OBJECT_CONVERSION = YES_AGGRESSIVE;
				CLANG_CXX_LANGUAGE_STANDARD = "gnu++14";
				CLANG_CXX_LIBRARY = "libc++";
				CLANG_ENABLE_MODULES = YES;
				CLANG_ENABLE_OBJC_ARC = YES;
				CLANG_ENABLE_OBJC_WEAK = YES;
				CLANG_WARN_BLOCK_CAPTURE_AUTORELEASING = YES;
				CLANG_WARN_BOOL_CONVERSION = YES;
				CLANG_WARN_COMMA = YES;
				CLANG_WARN_CONSTANT_CONVERSION = YES;
				CLANG_WARN_DEPRECATED_OBJC_IMPLEMENTATIONS = YES;
				CLANG_WARN_DIRECT_OBJC_ISA_USAGE = YES_ERROR;
				CLANG_WARN_DOCUMENTATION_COMMENTS = YES;
				CLANG_WARN_EMPTY_BODY = YES;
				CLANG_WARN_ENUM_CONVERSION = YES;
				CLANG_WARN_INFINITE_RECURSION = YES;
				CLANG_WARN_INT_CONVERSION = YES;
				CLANG_WARN_NON_LITERAL_NULL_CONVERSION = YES;
				CLANG_WARN_OBJC_IMPLICIT_RETAIN_SELF = YES;
				CLANG_WARN_OBJC_LITERAL_CONVERSION = YES;
				CLANG_WARN_OBJC_ROOT_CLASS = YES_ERROR;
				CLANG_WARN_RANGE_LOOP_ANALYSIS = YES;
				CLANG_WARN_STRICT_PROTOTYPES = YES;
				CLANG_WARN_SUSPICIOUS_MOVE = YES;
				CLANG_WARN_UNGUARDED_AVAILABILITY = YES_AGGRESSIVE;
				CLANG_WARN_UNREACHABLE_CODE = YES;
				CLANG_WARN__DUPLICATE_METHOD_MATCH = YES;
				COPY_PHASE_STRIP = NO;
				DEBUG_INFORMATION_FORMAT = dwarf;
				ENABLE_STRICT_OBJC_MSGSEND = YES;
				ENABLE_TESTABILITY = YES;
				GCC_C_LANGUAGE_STANDARD = gnu11;
				GCC_DYNAMIC_NO_PIC = NO;
				GCC_NO_COMMON_BLOCKS = YES;
				GCC_OPTIMIZATION_LEVEL = 0;
				GCC_PREPROCESSOR_DEFINITIONS = (
					"DEBUG=1",
					"$(inherited)",
				);
				GCC_WARN_64_TO_32_BIT_CONVERSION = YES;
				GCC_WARN_ABOUT_RETURN_TYPE = YES_ERROR;
				GCC_WARN_UNDECLARED_SELECTOR = YES;
				GCC_WARN_UNINITIALIZED_AUTOS = YES_AGGRESSIVE;
				GCC_WARN_UNUSED_FUNCTION = YES;
				GCC_WARN_UNUSED_VARIABLE = YES;
				IPHONEOS_DEPLOYMENT_TARGET = 13.0;
				MTL_ENABLE_DEBUG_INFO = INCLUDE_SOURCE;
				MTL_FAST_MATH = YES;
				ONLY_ACTIVE_ARCH = YES;
				SDKROOT = iphoneos;
				SWIFT_ACTIVE_COMPILATION_CONDITIONS = DEBUG;
				SWIFT_OPTIMIZATION_LEVEL = "-Onone";
			};
			name = Debug;
		};
		8D8CB159244017B700E6CCB0 /* Release */ = {
			isa = XCBuildConfiguration;
			buildSettings = {
				ALWAYS_SEARCH_USER_PATHS = NO;
				CLANG_ANALYZER_NONNULL = YES;
				CLANG_ANALYZER_NUMBER_OBJECT_CONVERSION = YES_AGGRESSIVE;
				CLANG_CXX_LANGUAGE_STANDARD = "gnu++14";
				CLANG_CXX_LIBRARY = "libc++";
				CLANG_ENABLE_MODULES = YES;
				CLANG_ENABLE_OBJC_ARC = YES;
				CLANG_ENABLE_OBJC_WEAK = YES;
				CLANG_WARN_BLOCK_CAPTURE_AUTORELEASING = YES;
				CLANG_WARN_BOOL_CONVERSION = YES;
				CLANG_WARN_COMMA = YES;
				CLANG_WARN_CONSTANT_CONVERSION = YES;
				CLANG_WARN_DEPRECATED_OBJC_IMPLEMENTATIONS = YES;
				CLANG_WARN_DIRECT_OBJC_ISA_USAGE = YES_ERROR;
				CLANG_WARN_DOCUMENTATION_COMMENTS = YES;
				CLANG_WARN_EMPTY_BODY = YES;
				CLANG_WARN_ENUM_CONVERSION = YES;
				CLANG_WARN_INFINITE_RECURSION = YES;
				CLANG_WARN_INT_CONVERSION = YES;
				CLANG_WARN_NON_LITERAL_NULL_CONVERSION = YES;
				CLANG_WARN_OBJC_IMPLICIT_RETAIN_SELF = YES;
				CLANG_WARN_OBJC_LITERAL_CONVERSION = YES;
				CLANG_WARN_OBJC_ROOT_CLASS = YES_ERROR;
				CLANG_WARN_RANGE_LOOP_ANALYSIS = YES;
				CLANG_WARN_STRICT_PROTOTYPES = YES;
				CLANG_WARN_SUSPICIOUS_MOVE = YES;
				CLANG_WARN_UNGUARDED_AVAILABILITY = YES_AGGRESSIVE;
				CLANG_WARN_UNREACHABLE_CODE = YES;
				CLANG_WARN__DUPLICATE_METHOD_MATCH = YES;
				COPY_PHASE_STRIP = NO;
				DEBUG_INFORMATION_FORMAT = "dwarf-with-dsym";
				ENABLE_NS_ASSERTIONS = NO;
				ENABLE_STRICT_OBJC_MSGSEND = YES;
				GCC_C_LANGUAGE_STANDARD = gnu11;
				GCC_NO_COMMON_BLOCKS = YES;
				GCC_WARN_64_TO_32_BIT_CONVERSION = YES;
				GCC_WARN_ABOUT_RETURN_TYPE = YES_ERROR;
				GCC_WARN_UNDECLARED_SELECTOR = YES;
				GCC_WARN_UNINITIALIZED_AUTOS = YES_AGGRESSIVE;
				GCC_WARN_UNUSED_FUNCTION = YES;
				GCC_WARN_UNUSED_VARIABLE = YES;
				IPHONEOS_DEPLOYMENT_TARGET = 13.0;
				MTL_ENABLE_DEBUG_INFO = NO;
				MTL_FAST_MATH = YES;
				SDKROOT = iphoneos;
				SWIFT_COMPILATION_MODE = wholemodule;
				SWIFT_OPTIMIZATION_LEVEL = "-O";
				VALIDATE_PRODUCT = YES;
			};
			name = Release;
		};
		8D8CB15B244017B700E6CCB0 /* Debug */ = {
			isa = XCBuildConfiguration;
			baseConfigurationReference = 6D78F788E03C33138BD89DB3 /* Pods-VNUShare.debug.xcconfig */;
			buildSettings = {
				ASSETCATALOG_COMPILER_APPICON_NAME = AppIcon;
				CODE_SIGN_STYLE = Automatic;
				DEVELOPMENT_TEAM = L334R88X2F;
				INFOPLIST_FILE = VNUShare/Info.plist;
				LD_RUNPATH_SEARCH_PATHS = (
					"$(inherited)",
					"@executable_path/Frameworks",
				);
				PRODUCT_BUNDLE_IDENTIFIER = com.nguyenvietmy.VNUShare;
				PRODUCT_NAME = "VNU Share";
				SWIFT_VERSION = 5.0;
				TARGETED_DEVICE_FAMILY = "1,2";
			};
			name = Debug;
		};
		8D8CB15C244017B700E6CCB0 /* Release */ = {
			isa = XCBuildConfiguration;
			baseConfigurationReference = CA30305F97C03F6892082AF1 /* Pods-VNUShare.release.xcconfig */;
			buildSettings = {
				ASSETCATALOG_COMPILER_APPICON_NAME = AppIcon;
				CODE_SIGN_STYLE = Automatic;
				DEVELOPMENT_TEAM = L334R88X2F;
				INFOPLIST_FILE = VNUShare/Info.plist;
				LD_RUNPATH_SEARCH_PATHS = (
					"$(inherited)",
					"@executable_path/Frameworks",
				);
				PRODUCT_BUNDLE_IDENTIFIER = com.nguyenvietmy.VNUShare;
				PRODUCT_NAME = "VNU Share";
				SWIFT_VERSION = 5.0;
				TARGETED_DEVICE_FAMILY = "1,2";
			};
			name = Release;
		};
/* End XCBuildConfiguration section */

/* Begin XCConfigurationList section */
		8D8CB13F244017B600E6CCB0 /* Build configuration list for PBXProject "VNUShare" */ = {
			isa = XCConfigurationList;
			buildConfigurations = (
				8D8CB158244017B700E6CCB0 /* Debug */,
				8D8CB159244017B700E6CCB0 /* Release */,
			);
			defaultConfigurationIsVisible = 0;
			defaultConfigurationName = Release;
		};
		8D8CB15A244017B700E6CCB0 /* Build configuration list for PBXNativeTarget "VNUShare" */ = {
			isa = XCConfigurationList;
			buildConfigurations = (
				8D8CB15B244017B700E6CCB0 /* Debug */,
				8D8CB15C244017B700E6CCB0 /* Release */,
			);
			defaultConfigurationIsVisible = 0;
			defaultConfigurationName = Release;
		};
/* End XCConfigurationList section */
	};
	rootObject = 8D8CB13C244017B600E6CCB0 /* Project object */;
}
